
Microsoft Visual Studio Solution File, Format Version 12.00
# Visual Studio Version 17
VisualStudioVersion = 17.14.36414.22
MinimumVisualStudioVersion = 10.0.40219.1
Project("{FAE04EC0-301F-11D3-BF4B-00C04F79EFBC}") = "SmartShop.API", "SmartShop.API\SmartShop.API.csproj", "{5AEA1A27-C577-4B22-9CEC-D5AF7F68749B}"
EndProject
Project("{FAE04EC0-301F-11D3-BF4B-00C04F79EFBC}") = "SmartShop.UnitTests", "SmartShop.UnitTests\SmartShop.UnitTests.csproj", "{337FCF4D-A190-40A7-A5B0-D2E887C6F1F6}"
EndProject
Project("{FAE04EC0-301F-11D3-BF4B-00C04F79EFBC}") = "SmartShop.IntegrationTests", "SmartShop.IntegrationTests\SmartShop.IntegrationTests.csproj", "{CE3F3BE7-A4BB-4AD9-89C4-56A3FB5BAFA0}"
EndProject
Global
	GlobalSection(SolutionConfigurationPlatforms) = preSolution
		Debug|Any CPU = Debug|Any CPU
		Release|Any CPU = Release|Any CPU
	EndGlobalSection
	GlobalSection(ProjectConfigurationPlatforms) = postSolution
		{5AEA1A27-C577-4B22-9CEC-D5AF7F68749B}.Debug|Any CPU.ActiveCfg = Debug|Any CPU
		{5AEA1A27-C577-4B22-9CEC-D5AF7F68749B}.Debug|Any CPU.Build.0 = Debug|Any CPU
		{5AEA1A27-C577-4B22-9CEC-D5AF7F68749B}.Release|Any CPU.ActiveCfg = Release|Any CPU
		{5AEA1A27-C577-4B22-9CEC-D5AF7F68749B}.Release|Any CPU.Build.0 = Release|Any CPU
		{337FCF4D-A190-40A7-A5B0-D2E887C6F1F6}.Debug|Any CPU.ActiveCfg = Debug|Any CPU
		{337FCF4D-A190-40A7-A5B0-D2E887C6F1F6}.Debug|Any CPU.Build.0 = Debug|Any CPU
		{337FCF4D-A190-40A7-A5B0-D2E887C6F1F6}.Release|Any CPU.ActiveCfg = Release|Any CPU
		{337FCF4D-A190-40A7-A5B0-D2E887C6F1F6}.Release|Any CPU.Build.0 = Release|Any CPU
		{CE3F3BE7-A4BB-4AD9-89C4-56A3FB5BAFA0}.Debug|Any CPU.ActiveCfg = Debug|Any CPU
		{CE3F3BE7-A4BB-4AD9-89C4-56A3FB5BAFA0}.Debug|Any CPU.Build.0 = Debug|Any CPU
		{CE3F3BE7-A4BB-4AD9-89C4-56A3FB5BAFA0}.Release|Any CPU.ActiveCfg = Release|Any CPU
		{CE3F3BE7-A4BB-4AD9-89C4-56A3FB5BAFA0}.Release|Any CPU.Build.0 = Release|Any CPU
	EndGlobalSection
	GlobalSection(SolutionProperties) = preSolution
		HideSolutionNode = FALSE
	EndGlobalSection
	GlobalSection(ExtensibilityGlobals) = postSolution
		SolutionGuid = {28C87E0A-5561-4D56-A9A8-FA43C1115E11}
	EndGlobalSection
EndGlobal
